// !$*UTF8*$!
{
	archiveVersion = 1;
	classes = {
	};
	objectVersion = 46;
	objects = {

/* Begin PBXBuildFile section */
		830258FE1B18DFC200E4A199 /* storm-weather.jpg in Resources */ = {isa = PBXBuildFile; fileRef = 830258FD1B18DFC200E4A199 /* storm-weather.jpg */; };
		83440CF01B1D0F9E007D0C81 /* TableViewController.m in Sources */ = {isa = PBXBuildFile; fileRef = 83440CEF1B1D0F9E007D0C81 /* TableViewController.m */; };
		8389383C1B3283CB00D1B7FA /* papers.co-mf23-raining-windows-10-drops-nature-9-wallpaper.jpg in Resources */ = {isa = PBXBuildFile; fileRef = 838938381B3283CB00D1B7FA /* papers.co-mf23-raining-windows-10-drops-nature-9-wallpaper.jpg */; };
		8389383D1B3283CB00D1B7FA /* raindropsfal.jpg in Resources */ = {isa = PBXBuildFile; fileRef = 838938391B3283CB00D1B7FA /* raindropsfal.jpg */; };
		8389383E1B3283CB00D1B7FA /* waves18.jpg in Resources */ = {isa = PBXBuildFile; fileRef = 8389383A1B3283CB00D1B7FA /* waves18.jpg */; };
		8389383F1B3283CB00D1B7FA /* raindrops.jpg in Resources */ = {isa = PBXBuildFile; fileRef = 8389383B1B3283CB00D1B7FA /* raindrops.jpg */; };
		838A8FC61B09AB8C005F69DF /* main.m in Sources */ = {isa = PBXBuildFile; fileRef = 838A8FC51B09AB8C005F69DF /* main.m */; };
		838A8FC91B09AB8C005F69DF /* AppDelegate.m in Sources */ = {isa = PBXBuildFile; fileRef = 838A8FC81B09AB8C005F69DF /* AppDelegate.m */; };
		838A8FCC1B09AB8C005F69DF /* ViewController.m in Sources */ = {isa = PBXBuildFile; fileRef = 838A8FCB1B09AB8C005F69DF /* ViewController.m */; };
		838A8FCF1B09AB8C005F69DF /* Main.storyboard in Resources */ = {isa = PBXBuildFile; fileRef = 838A8FCD1B09AB8C005F69DF /* Main.storyboard */; };
		838A8FD11B09AB8C005F69DF /* Images.xcassets in Resources */ = {isa = PBXBuildFile; fileRef = 838A8FD01B09AB8C005F69DF /* Images.xcassets */; };
		838A8FD41B09AB8C005F69DF /* LaunchScreen.xib in Resources */ = {isa = PBXBuildFile; fileRef = 838A8FD21B09AB8C005F69DF /* LaunchScreen.xib */; };
		838A8FE01B09AB8C005F69DF /* jacketReminderTests.m in Sources */ = {isa = PBXBuildFile; fileRef = 838A8FDF1B09AB8C005F69DF /* jacketReminderTests.m */; };
		838A8FEA1B09AB9D005F69DF /* CoreLocation.framework in Frameworks */ = {isa = PBXBuildFile; fileRef = 838A8FE91B09AB9D005F69DF /* CoreLocation.framework */; };
		839ADBDD1B2BF3A5000F8C48 /* ios-linen.jpg in Resources */ = {isa = PBXBuildFile; fileRef = 839ADBDC1B2BF3A5000F8C48 /* ios-linen.jpg */; };
		83B3574A1B337A710010C119 /* test.m in Sources */ = {isa = PBXBuildFile; fileRef = 83B357491B337A710010C119 /* test.m */; };
		83B3574D1B33BF2E0010C119 /* image.m in Sources */ = {isa = PBXBuildFile; fileRef = 83B3574C1B33BF2E0010C119 /* image.m */; };
		83B3574F1B33C7A30010C119 /* snow.jpg in Resources */ = {isa = PBXBuildFile; fileRef = 83B3574E1B33C7A20010C119 /* snow.jpg */; };
		83E6086E1B559C2900FE8824 /* icon_120.png in Resources */ = {isa = PBXBuildFile; fileRef = 83E6086D1B559C2900FE8824 /* icon_120.png */; };
		83E608721B55A60200FE8824 /* icon_180.png in Resources */ = {isa = PBXBuildFile; fileRef = 83E608711B55A60200FE8824 /* icon_180.png */; };
		83E608751B55A65300FE8824 /* icon_80.png in Resources */ = {isa = PBXBuildFile; fileRef = 83E608741B55A65300FE8824 /* icon_80.png */; };
		83E608771B55A68C00FE8824 /* icon_87.png in Resources */ = {isa = PBXBuildFile; fileRef = 83E608761B55A68C00FE8824 /* icon_87.png */; };
		83E608791B55A6B600FE8824 /* icon_58.png in Resources */ = {isa = PBXBuildFile; fileRef = 83E608781B55A6B600FE8824 /* icon_58.png */; };
		83E622591B488C7300C71FEA /* AVFoundation.framework in Frameworks */ = {isa = PBXBuildFile; fileRef = 83E622581B488C7300C71FEA /* AVFoundation.framework */; };
/* End PBXBuildFile section */

/* Begin PBXContainerItemProxy section */
		838A8FDA1B09AB8C005F69DF /* PBXContainerItemProxy */ = {
			isa = PBXContainerItemProxy;
			containerPortal = 838A8FB81B09AB8C005F69DF /* Project object */;
			proxyType = 1;
			remoteGlobalIDString = 838A8FBF1B09AB8C005F69DF;
			remoteInfo = jacketReminder;
		};
/* End PBXContainerItemProxy section */

/* Begin PBXFileReference section */
		830258FD1B18DFC200E4A199 /* storm-weather.jpg */ = {isa = PBXFileReference; lastKnownFileType = image.jpeg; path = "storm-weather.jpg"; sourceTree = "<group>"; };
		83440CEE1B1D0F9E007D0C81 /* TableViewController.h */ = {isa = PBXFileReference; fileEncoding = 4; lastKnownFileType = sourcecode.c.h; path = TableViewController.h; sourceTree = "<group>"; };
		83440CEF1B1D0F9E007D0C81 /* TableViewController.m */ = {isa = PBXFileReference; fileEncoding = 4; lastKnownFileType = sourcecode.c.objc; path = TableViewController.m; sourceTree = "<group>"; };
		838938381B3283CB00D1B7FA /* papers.co-mf23-raining-windows-10-drops-nature-9-wallpaper.jpg */ = {isa = PBXFileReference; lastKnownFileType = image.jpeg; path = "papers.co-mf23-raining-windows-10-drops-nature-9-wallpaper.jpg"; sourceTree = "<group>"; };
		838938391B3283CB00D1B7FA /* raindropsfal.jpg */ = {isa = PBXFileReference; lastKnownFileType = image.jpeg; path = raindropsfal.jpg; sourceTree = "<group>"; };
		8389383A1B3283CB00D1B7FA /* waves18.jpg */ = {isa = PBXFileReference; lastKnownFileType = image.jpeg; path = waves18.jpg; sourceTree = "<group>"; };
		8389383B1B3283CB00D1B7FA /* raindrops.jpg */ = {isa = PBXFileReference; lastKnownFileType = image.jpeg; path = raindrops.jpg; sourceTree = "<group>"; };
		838A8FC01B09AB8C005F69DF /* jacketReminder.app */ = {isa = PBXFileReference; explicitFileType = wrapper.application; includeInIndex = 0; path = jacketReminder.app; sourceTree = BUILT_PRODUCTS_DIR; };
		838A8FC41B09AB8C005F69DF /* Info.plist */ = {isa = PBXFileReference; lastKnownFileType = text.plist.xml; path = Info.plist; sourceTree = "<group>"; };
		838A8FC51B09AB8C005F69DF /* main.m */ = {isa = PBXFileReference; lastKnownFileType = sourcecode.c.objc; path = main.m; sourceTree = "<group>"; };
		838A8FC71B09AB8C005F69DF /* AppDelegate.h */ = {isa = PBXFileReference; lastKnownFileType = sourcecode.c.h; path = AppDelegate.h; sourceTree = "<group>"; };
		838A8FC81B09AB8C005F69DF /* AppDelegate.m */ = {isa = PBXFileReference; lastKnownFileType = sourcecode.c.objc; path = AppDelegate.m; sourceTree = "<group>"; };
		838A8FCA1B09AB8C005F69DF /* ViewController.h */ = {isa = PBXFileReference; lastKnownFileType = sourcecode.c.h; path = ViewController.h; sourceTree = "<group>"; };
		838A8FCB1B09AB8C005F69DF /* ViewController.m */ = {isa = PBXFileReference; lastKnownFileType = sourcecode.c.objc; path = ViewController.m; sourceTree = "<group>"; };
		838A8FCE1B09AB8C005F69DF /* Base */ = {isa = PBXFileReference; lastKnownFileType = file.storyboard; name = Base; path = Base.lproj/Main.storyboard; sourceTree = "<group>"; };
		838A8FD01B09AB8C005F69DF /* Images.xcassets */ = {isa = PBXFileReference; lastKnownFileType = folder.assetcatalog; path = Images.xcassets; sourceTree = "<group>"; };
		838A8FD31B09AB8C005F69DF /* Base */ = {isa = PBXFileReference; lastKnownFileType = file.xib; name = Base; path = Base.lproj/LaunchScreen.xib; sourceTree = "<group>"; };
		838A8FD91B09AB8C005F69DF /* jacketReminderTests.xctest */ = {isa = PBXFileReference; explicitFileType = wrapper.cfbundle; includeInIndex = 0; path = jacketReminderTests.xctest; sourceTree = BUILT_PRODUCTS_DIR; };
		838A8FDE1B09AB8C005F69DF /* Info.plist */ = {isa = PBXFileReference; lastKnownFileType = text.plist.xml; path = Info.plist; sourceTree = "<group>"; };
		838A8FDF1B09AB8C005F69DF /* jacketReminderTests.m */ = {isa = PBXFileReference; lastKnownFileType = sourcecode.c.objc; path = jacketReminderTests.m; sourceTree = "<group>"; };
		838A8FE91B09AB9D005F69DF /* CoreLocation.framework */ = {isa = PBXFileReference; lastKnownFileType = wrapper.framework; name = CoreLocation.framework; path = System/Library/Frameworks/CoreLocation.framework; sourceTree = SDKROOT; };
		839ADBDC1B2BF3A5000F8C48 /* ios-linen.jpg */ = {isa = PBXFileReference; lastKnownFileType = image.jpeg; path = "ios-linen.jpg"; sourceTree = "<group>"; };
		83A27FF61B10141600F10BEF /* NSLOG__SPACER.h */ = {isa = PBXFileReference; fileEncoding = 4; lastKnownFileType = sourcecode.c.h; path = NSLOG__SPACER.h; sourceTree = "<group>"; };
		83B357481B337A710010C119 /* test.h */ = {isa = PBXFileReference; fileEncoding = 4; lastKnownFileType = sourcecode.c.h; path = test.h; sourceTree = "<group>"; };
		83B357491B337A710010C119 /* test.m */ = {isa = PBXFileReference; fileEncoding = 4; lastKnownFileType = sourcecode.c.objc; path = test.m; sourceTree = "<group>"; };
		83B3574B1B33BF2E0010C119 /* image.h */ = {isa = PBXFileReference; fileEncoding = 4; lastKnownFileType = sourcecode.c.h; path = image.h; sourceTree = "<group>"; };
		83B3574C1B33BF2E0010C119 /* image.m */ = {isa = PBXFileReference; fileEncoding = 4; lastKnownFileType = sourcecode.c.objc; path = image.m; sourceTree = "<group>"; };
		83B3574E1B33C7A20010C119 /* snow.jpg */ = {isa = PBXFileReference; lastKnownFileType = image.jpeg; path = snow.jpg; sourceTree = "<group>"; };
		83E6086D1B559C2900FE8824 /* icon_120.png */ = {isa = PBXFileReference; lastKnownFileType = image.png; path = icon_120.png; sourceTree = "<group>"; };
		83E608711B55A60200FE8824 /* icon_180.png */ = {isa = PBXFileReference; lastKnownFileType = image.png; path = icon_180.png; sourceTree = "<group>"; };
		83E608741B55A65300FE8824 /* icon_80.png */ = {isa = PBXFileReference; lastKnownFileType = image.png; path = icon_80.png; sourceTree = "<group>"; };
		83E608761B55A68C00FE8824 /* icon_87.png */ = {isa = PBXFileReference; lastKnownFileType = image.png; path = icon_87.png; sourceTree = "<group>"; };
		83E608781B55A6B600FE8824 /* icon_58.png */ = {isa = PBXFileReference; lastKnownFileType = image.png; path = icon_58.png; sourceTree = "<group>"; };
		83E622581B488C7300C71FEA /* AVFoundation.framework */ = {isa = PBXFileReference; lastKnownFileType = wrapper.framework; name = AVFoundation.framework; path = System/Library/Frameworks/AVFoundation.framework; sourceTree = SDKROOT; };
/* End PBXFileReference section */

/* Begin PBXFrameworksBuildPhase section */
		838A8FBD1B09AB8C005F69DF /* Frameworks */ = {
			isa = PBXFrameworksBuildPhase;
			buildActionMask = 2147483647;
			files = (
				83E622591B488C7300C71FEA /* AVFoundation.framework in Frameworks */,
				838A8FEA1B09AB9D005F69DF /* CoreLocation.framework in Frameworks */,
			);
			runOnlyForDeploymentPostprocessing = 0;
		};
		838A8FD61B09AB8C005F69DF /* Frameworks */ = {
			isa = PBXFrameworksBuildPhase;
			buildActionMask = 2147483647;
			files = (
			);
			runOnlyForDeploymentPostprocessing = 0;
		};
/* End PBXFrameworksBuildPhase section */

/* Begin PBXGroup section */
		838A8FB71B09AB8C005F69DF = {
			isa = PBXGroup;
			children = (
				83E622581B488C7300C71FEA /* AVFoundation.framework */,
				838A8FE91B09AB9D005F69DF /* CoreLocation.framework */,
				838A8FC21B09AB8C005F69DF /* jacketReminder */,
				838A8FDC1B09AB8C005F69DF /* jacketReminderTests */,
				838A8FC11B09AB8C005F69DF /* Products */,
			);
			sourceTree = "<group>";
		};
		838A8FC11B09AB8C005F69DF /* Products */ = {
			isa = PBXGroup;
			children = (
				838A8FC01B09AB8C005F69DF /* jacketReminder.app */,
				838A8FD91B09AB8C005F69DF /* jacketReminderTests.xctest */,
			);
			name = Products;
			sourceTree = "<group>";
		};
		838A8FC21B09AB8C005F69DF /* jacketReminder */ = {
			isa = PBXGroup;
			children = (
				838A8FC71B09AB8C005F69DF /* AppDelegate.h */,
				838A8FC81B09AB8C005F69DF /* AppDelegate.m */,
				83CD4EBA1B1F7D64001A2058 /* View Controllers */,
				838A8FCD1B09AB8C005F69DF /* Main.storyboard */,
				83B3574B1B33BF2E0010C119 /* image.h */,
				83B3574C1B33BF2E0010C119 /* image.m */,
				83B357481B337A710010C119 /* test.h */,
				83B357491B337A710010C119 /* test.m */,
				83B357501B33D8E90010C119 /* Images */,
				838A8FD01B09AB8C005F69DF /* Images.xcassets */,
				838A8FD21B09AB8C005F69DF /* LaunchScreen.xib */,
				83A27FF61B10141600F10BEF /* NSLOG__SPACER.h */,
				838A8FC31B09AB8C005F69DF /* Supporting Files */,
			);
			path = jacketReminder;
			sourceTree = "<group>";
		};
		838A8FC31B09AB8C005F69DF /* Supporting Files */ = {
			isa = PBXGroup;
			children = (
				838A8FC41B09AB8C005F69DF /* Info.plist */,
				838A8FC51B09AB8C005F69DF /* main.m */,
			);
			name = "Supporting Files";
			sourceTree = "<group>";
		};
		838A8FDC1B09AB8C005F69DF /* jacketReminderTests */ = {
			isa = PBXGroup;
			children = (
				838A8FDF1B09AB8C005F69DF /* jacketReminderTests.m */,
				838A8FDD1B09AB8C005F69DF /* Supporting Files */,
			);
			path = jacketReminderTests;
			sourceTree = "<group>";
		};
		838A8FDD1B09AB8C005F69DF /* Supporting Files */ = {
			isa = PBXGroup;
			children = (
				838A8FDE1B09AB8C005F69DF /* Info.plist */,
			);
			name = "Supporting Files";
			sourceTree = "<group>";
		};
		83B357501B33D8E90010C119 /* Images */ = {
			isa = PBXGroup;
			children = (
				830258FD1B18DFC200E4A199 /* storm-weather.jpg */,
				839ADBDC1B2BF3A5000F8C48 /* ios-linen.jpg */,
				83B3574E1B33C7A20010C119 /* snow.jpg */,
				838938381B3283CB00D1B7FA /* papers.co-mf23-raining-windows-10-drops-nature-9-wallpaper.jpg */,
				838938391B3283CB00D1B7FA /* raindropsfal.jpg */,
				8389383A1B3283CB00D1B7FA /* waves18.jpg */,
				8389383B1B3283CB00D1B7FA /* raindrops.jpg */,
				83E608731B55A60900FE8824 /* icons */,
			);
			name = Images;
			sourceTree = "<group>";
		};
		83CD4EBA1B1F7D64001A2058 /* View Controllers */ = {
			isa = PBXGroup;
			children = (
				838A8FCA1B09AB8C005F69DF /* ViewController.h */,
				838A8FCB1B09AB8C005F69DF /* ViewController.m */,
				83440CEE1B1D0F9E007D0C81 /* TableViewController.h */,
				83440CEF1B1D0F9E007D0C81 /* TableViewController.m */,
			);
			name = "View Controllers";
			sourceTree = "<group>";
		};
		83E608731B55A60900FE8824 /* icons */ = {
			isa = PBXGroup;
			children = (
				83E608711B55A60200FE8824 /* icon_180.png */,
				83E608761B55A68C00FE8824 /* icon_87.png */,
				83E608781B55A6B600FE8824 /* icon_58.png */,
				83E608741B55A65300FE8824 /* icon_80.png */,
				83E6086D1B559C2900FE8824 /* icon_120.png */,
			);
			name = icons;
			sourceTree = "<group>";
		};
/* End PBXGroup section */

/* Begin PBXNativeTarget section */
		838A8FBF1B09AB8C005F69DF /* jacketReminder */ = {
			isa = PBXNativeTarget;
			buildConfigurationList = 838A8FE31B09AB8C005F69DF /* Build configuration list for PBXNativeTarget "jacketReminder" */;
			buildPhases = (
				838A8FBC1B09AB8C005F69DF /* Sources */,
				838A8FBD1B09AB8C005F69DF /* Frameworks */,
				838A8FBE1B09AB8C005F69DF /* Resources */,
			);
			buildRules = (
			);
			dependencies = (
			);
			name = jacketReminder;
			productName = jacketReminder;
			productReference = 838A8FC01B09AB8C005F69DF /* jacketReminder.app */;
			productType = "com.apple.product-type.application";
		};
		838A8FD81B09AB8C005F69DF /* jacketReminderTests */ = {
			isa = PBXNativeTarget;
			buildConfigurationList = 838A8FE61B09AB8C005F69DF /* Build configuration list for PBXNativeTarget "jacketReminderTests" */;
			buildPhases = (
				838A8FD51B09AB8C005F69DF /* Sources */,
				838A8FD61B09AB8C005F69DF /* Frameworks */,
				838A8FD71B09AB8C005F69DF /* Resources */,
			);
			buildRules = (
			);
			dependencies = (
				838A8FDB1B09AB8C005F69DF /* PBXTargetDependency */,
			);
			name = jacketReminderTests;
			productName = jacketReminderTests;
			productReference = 838A8FD91B09AB8C005F69DF /* jacketReminderTests.xctest */;
			productType = "com.apple.product-type.bundle.unit-test";
		};
/* End PBXNativeTarget section */

/* Begin PBXProject section */
		838A8FB81B09AB8C005F69DF /* Project object */ = {
			isa = PBXProject;
			attributes = {
				LastUpgradeCheck = 0630;
				ORGANIZATIONNAME = "Christopher Peyton";
				TargetAttributes = {
					838A8FBF1B09AB8C005F69DF = {
						CreatedOnToolsVersion = 6.3.1;
						SystemCapabilities = {
							com.apple.BackgroundModes = {
								enabled = 1;
							};
						};
					};
					838A8FD81B09AB8C005F69DF = {
						CreatedOnToolsVersion = 6.3.1;
						TestTargetID = 838A8FBF1B09AB8C005F69DF;
					};
				};
			};
			buildConfigurationList = 838A8FBB1B09AB8C005F69DF /* Build configuration list for PBXProject "jacketReminder" */;
			compatibilityVersion = "Xcode 3.2";
			developmentRegion = English;
			hasScannedForEncodings = 0;
			knownRegions = (
				en,
				Base,
			);
			mainGroup = 838A8FB71B09AB8C005F69DF;
			productRefGroup = 838A8FC11B09AB8C005F69DF /* Products */;
			projectDirPath = "";
			projectRoot = "";
			targets = (
				838A8FBF1B09AB8C005F69DF /* jacketReminder */,
				838A8FD81B09AB8C005F69DF /* jacketReminderTests */,
			);
		};
/* End PBXProject section */

/* Begin PBXResourcesBuildPhase section */
		838A8FBE1B09AB8C005F69DF /* Resources */ = {
			isa = PBXResourcesBuildPhase;
			buildActionMask = 2147483647;
			files = (
				839ADBDD1B2BF3A5000F8C48 /* ios-linen.jpg in Resources */,
				8389383E1B3283CB00D1B7FA /* waves18.jpg in Resources */,
				838A8FCF1B09AB8C005F69DF /* Main.storyboard in Resources */,
				8389383D1B3283CB00D1B7FA /* raindropsfal.jpg in Resources */,
				83E608721B55A60200FE8824 /* icon_180.png in Resources */,
				838A8FD41B09AB8C005F69DF /* LaunchScreen.xib in Resources */,
				830258FE1B18DFC200E4A199 /* storm-weather.jpg in Resources */,
				83E608791B55A6B600FE8824 /* icon_58.png in Resources */,
				83E6086E1B559C2900FE8824 /* icon_120.png in Resources */,
				8389383F1B3283CB00D1B7FA /* raindrops.jpg in Resources */,
				8389383C1B3283CB00D1B7FA /* papers.co-mf23-raining-windows-10-drops-nature-9-wallpaper.jpg in Resources */,
				83B3574F1B33C7A30010C119 /* snow.jpg in Resources */,
				83E608751B55A65300FE8824 /* icon_80.png in Resources */,
				838A8FD11B09AB8C005F69DF /* Images.xcassets in Resources */,
				83E608771B55A68C00FE8824 /* icon_87.png in Resources */,
			);
			runOnlyForDeploymentPostprocessing = 0;
		};
		838A8FD71B09AB8C005F69DF /* Resources */ = {
			isa = PBXResourcesBuildPhase;
			buildActionMask = 2147483647;
			files = (
			);
			runOnlyForDeploymentPostprocessing = 0;
		};
/* End PBXResourcesBuildPhase section */

/* Begin PBXSourcesBuildPhase section */
		838A8FBC1B09AB8C005F69DF /* Sources */ = {
			isa = PBXSourcesBuildPhase;
			buildActionMask = 2147483647;
			files = (
				83B3574A1B337A710010C119 /* test.m in Sources */,
				838A8FCC1B09AB8C005F69DF /* ViewController.m in Sources */,
				838A8FC91B09AB8C005F69DF /* AppDelegate.m in Sources */,
				83B3574D1B33BF2E0010C119 /* image.m in Sources */,
				83440CF01B1D0F9E007D0C81 /* TableViewController.m in Sources */,
				838A8FC61B09AB8C005F69DF /* main.m in Sources */,
			);
			runOnlyForDeploymentPostprocessing = 0;
		};
		838A8FD51B09AB8C005F69DF /* Sources */ = {
			isa = PBXSourcesBuildPhase;
			buildActionMask = 2147483647;
			files = (
				838A8FE01B09AB8C005F69DF /* jacketReminderTests.m in Sources */,
			);
			runOnlyForDeploymentPostprocessing = 0;
		};
/* End PBXSourcesBuildPhase section */

/* Begin PBXTargetDependency section */
		838A8FDB1B09AB8C005F69DF /* PBXTargetDependency */ = {
			isa = PBXTargetDependency;
			target = 838A8FBF1B09AB8C005F69DF /* jacketReminder */;
			targetProxy = 838A8FDA1B09AB8C005F69DF /* PBXContainerItemProxy */;
		};
/* End PBXTargetDependency section */

/* Begin PBXVariantGroup section */
		838A8FCD1B09AB8C005F69DF /* Main.storyboard */ = {
			isa = PBXVariantGroup;
			children = (
				838A8FCE1B09AB8C005F69DF /* Base */,
			);
			name = Main.storyboard;
			sourceTree = "<group>";
		};
		838A8FD21B09AB8C005F69DF /* LaunchScreen.xib */ = {
			isa = PBXVariantGroup;
			children = (
				838A8FD31B09AB8C005F69DF /* Base */,
			);
			name = LaunchScreen.xib;
			sourceTree = "<group>";
		};
/* End PBXVariantGroup section */

/* Begin XCBuildConfiguration section */
		838A8FE11B09AB8C005F69DF /* Debug */ = {
			isa = XCBuildConfiguration;
			buildSettings = {
				ALWAYS_SEARCH_USER_PATHS = NO;
				CLANG_CXX_LANGUAGE_STANDARD = "gnu++0x";
				CLANG_CXX_LIBRARY = "libc++";
				CLANG_ENABLE_MODULES = YES;
				CLANG_ENABLE_OBJC_ARC = YES;
				CLANG_WARN_BOOL_CONVERSION = YES;
				CLANG_WARN_CONSTANT_CONVERSION = YES;
				CLANG_WARN_DIRECT_OBJC_ISA_USAGE = YES_ERROR;
				CLANG_WARN_EMPTY_BODY = YES;
				CLANG_WARN_ENUM_CONVERSION = YES;
				CLANG_WARN_INT_CONVERSION = YES;
				CLANG_WARN_OBJC_ROOT_CLASS = YES_ERROR;
				CLANG_WARN_UNREACHABLE_CODE = YES;
				CLANG_WARN__DUPLICATE_METHOD_MATCH = YES;
				"CODE_SIGN_IDENTITY[sdk=iphoneos*]" = "iPhone Developer";
				COPY_PHASE_STRIP = NO;
				DEBUG_INFORMATION_FORMAT = "dwarf-with-dsym";
				ENABLE_STRICT_OBJC_MSGSEND = YES;
				GCC_C_LANGUAGE_STANDARD = gnu99;
				GCC_DYNAMIC_NO_PIC = NO;
				GCC_NO_COMMON_BLOCKS = YES;
				GCC_OPTIMIZATION_LEVEL = 0;
				GCC_PREPROCESSOR_DEFINITIONS = (
					"DEBUG=1",
					"$(inherited)",
				);
				GCC_SYMBOLS_PRIVATE_EXTERN = NO;
				GCC_WARN_64_TO_32_BIT_CONVERSION = YES;
				GCC_WARN_ABOUT_RETURN_TYPE = YES_ERROR;
				GCC_WARN_UNDECLARED_SELECTOR = YES;
				GCC_WARN_UNINITIALIZED_AUTOS = YES_AGGRESSIVE;
				GCC_WARN_UNUSED_FUNCTION = YES;
				GCC_WARN_UNUSED_VARIABLE = YES;
				IPHONEOS_DEPLOYMENT_TARGET = 8.3;
				MTL_ENABLE_DEBUG_INFO = YES;
				ONLY_ACTIVE_ARCH = YES;
				SDKROOT = iphoneos;
			};
			name = Debug;
		};
		838A8FE21B09AB8C005F69DF /* Release */ = {
			isa = XCBuildConfiguration;
			buildSettings = {
				ALWAYS_SEARCH_USER_PATHS = NO;
				CLANG_CXX_LANGUAGE_STANDARD = "gnu++0x";
				CLANG_CXX_LIBRARY = "libc++";
				CLANG_ENABLE_MODULES = YES;
				CLANG_ENABLE_OBJC_ARC = YES;
				CLANG_WARN_BOOL_CONVERSION = YES;
				CLANG_WARN_CONSTANT_CONVERSION = YES;
				CLANG_WARN_DIRECT_OBJC_ISA_USAGE = YES_ERROR;
				CLANG_WARN_EMPTY_BODY = YES;
				CLANG_WARN_ENUM_CONVERSION = YES;
				CLANG_WARN_INT_CONVERSION = YES;
				CLANG_WARN_OBJC_ROOT_CLASS = YES_ERROR;
				CLANG_WARN_UNREACHABLE_CODE = YES;
				CLANG_WARN__DUPLICATE_METHOD_MATCH = YES;
				"CODE_SIGN_IDENTITY[sdk=iphoneos*]" = "iPhone Developer";
				COPY_PHASE_STRIP = NO;
				DEBUG_INFORMATION_FORMAT = "dwarf-with-dsym";
				ENABLE_NS_ASSERTIONS = NO;
				ENABLE_STRICT_OBJC_MSGSEND = YES;
				GCC_C_LANGUAGE_STANDARD = gnu99;
				GCC_NO_COMMON_BLOCKS = YES;
				GCC_WARN_64_TO_32_BIT_CONVERSION = YES;
				GCC_WARN_ABOUT_RETURN_TYPE = YES_ERROR;
				GCC_WARN_UNDECLARED_SELECTOR = YES;
				GCC_WARN_UNINITIALIZED_AUTOS = YES_AGGRESSIVE;
				GCC_WARN_UNUSED_FUNCTION = YES;
				GCC_WARN_UNUSED_VARIABLE = YES;
				IPHONEOS_DEPLOYMENT_TARGET = 8.3;
				MTL_ENABLE_DEBUG_INFO = NO;
				SDKROOT = iphoneos;
				VALIDATE_PRODUCT = YES;
			};
			name = Release;
		};
		838A8FE41B09AB8C005F69DF /* Debug */ = {
			isa = XCBuildConfiguration;
			buildSettings = {
				ASSETCATALOG_COMPILER_APPICON_NAME = AppIcon;
				INFOPLIST_FILE = jacketReminder/Info.plist;
				LD_RUNPATH_SEARCH_PATHS = "$(inherited) @executable_path/Frameworks";
				PRODUCT_NAME = "$(TARGET_NAME)";
			};
			name = Debug;
		};
		838A8FE51B09AB8C005F69DF /* Release */ = {
			isa = XCBuildConfiguration;
			buildSettings = {
				ASSETCATALOG_COMPILER_APPICON_NAME = AppIcon;
				INFOPLIST_FILE = jacketReminder/Info.plist;
				LD_RUNPATH_SEARCH_PATHS = "$(inherited) @executable_path/Frameworks";
				PRODUCT_NAME = "$(TARGET_NAME)";
			};
			name = Release;
		};
		838A8FE71B09AB8C005F69DF /* Debug */ = {
			isa = XCBuildConfiguration;
			buildSettings = {
				BUNDLE_LOADER = "$(TEST_HOST)";
				FRAMEWORK_SEARCH_PATHS = (
					"$(SDKROOT)/Developer/Library/Frameworks",
					"$(inherited)",
				);
				GCC_PREPROCESSOR_DEFINITIONS = (
					"DEBUG=1",
					"$(inherited)",
				);
				INFOPLIST_FILE = jacketReminderTests/Info.plist;
				LD_RUNPATH_SEARCH_PATHS = "$(inherited) @executable_path/Frameworks @loader_path/Frameworks";
				PRODUCT_NAME = "$(TARGET_NAME)";
				TEST_HOST = "$(BUILT_PRODUCTS_DIR)/jacketReminder.app/jacketReminder";
			};
			name = Debug;
		};
		838A8FE81B09AB8C005F69DF /* Release */ = {
			isa = XCBuildConfiguration;
			buildSettings = {
				BUNDLE_LOADER = "$(TEST_HOST)";
				FRAMEWORK_SEARCH_PATHS = (
					"$(SDKROOT)/Developer/Library/Frameworks",
					"$(inherited)",
				);
				INFOPLIST_FILE = jacketReminderTests/Info.plist;
				LD_RUNPATH_SEARCH_PATHS = "$(inherited) @executable_path/Frameworks @loader_path/Frameworks";
				PRODUCT_NAME = "$(TARGET_NAME)";
				TEST_HOST = "$(BUILT_PRODUCTS_DIR)/jacketReminder.app/jacketReminder";
			};
			name = Release;
		};
/* End XCBuildConfiguration section */

/* Begin XCConfigurationList section */
		838A8FBB1B09AB8C005F69DF /* Build configuration list for PBXProject "jacketReminder" */ = {
			isa = XCConfigurationList;
			buildConfigurations = (
				838A8FE11B09AB8C005F69DF /* Debug */,
				838A8FE21B09AB8C005F69DF /* Release */,
			);
			defaultConfigurationIsVisible = 0;
			defaultConfigurationName = Release;
		};
		838A8FE31B09AB8C005F69DF /* Build configuration list for PBXNativeTarget "jacketReminder" */ = {
			isa = XCConfigurationList;
			buildConfigurations = (
				838A8FE41B09AB8C005F69DF /* Debug */,
				838A8FE51B09AB8C005F69DF /* Release */,
			);
			defaultConfigurationIsVisible = 0;
			defaultConfigurationName = Release;
		};
		838A8FE61B09AB8C005F69DF /* Build configuration list for PBXNativeTarget "jacketReminderTests" */ = {
			isa = XCConfigurationList;
			buildConfigurations = (
				838A8FE71B09AB8C005F69DF /* Debug */,
				838A8FE81B09AB8C005F69DF /* Release */,
			);
			defaultConfigurationIsVisible = 0;
			defaultConfigurationName = Release;
		};
/* End XCConfigurationList section */
	};
	rootObject = 838A8FB81B09AB8C005F69DF /* Project object */;
}
